
Microsoft Visual Studio Solution File, Format Version 12.00
# Visual Studio Version 16
VisualStudioVersion = 16.0.31515.178
MinimumVisualStudioVersion = 10.0.40219.1
Project("{FAE04EC0-301F-11D3-BF4B-00C04F79EFBC}") = "AdityaBookStore", "AdityaBookStore\AdityaBookStore.csproj", "{18A25358-2025-450E-87F5-273FA0AB1A84}"
EndProject
Global
	GlobalSection(SolutionConfigurationPlatforms) = preSolution
		Debug|Any CPU = Debug|Any CPU
		Release|Any CPU = Release|Any CPU
	EndGlobalSection
	GlobalSection(ProjectConfigurationPlatforms) = postSolution
		{18A25358-2025-450E-87F5-273FA0AB1A84}.Debug|Any CPU.ActiveCfg = Debug|Any CPU
		{18A25358-2025-450E-87F5-273FA0AB1A84}.Debug|Any CPU.Build.0 = Debug|Any CPU
		{18A25358-2025-450E-87F5-273FA0AB1A84}.Release|Any CPU.ActiveCfg = Release|Any CPU
		{18A25358-2025-450E-87F5-273FA0AB1A84}.Release|Any CPU.Build.0 = Release|Any CPU
	EndGlobalSection
	GlobalSection(SolutionProperties) = preSolution
		HideSolutionNode = FALSE
	EndGlobalSection
	GlobalSection(ExtensibilityGlobals) = postSolution
		SolutionGuid = {CFF89483-8F7B-4939-94AE-938A69720A8B}
	EndGlobalSection
EndGlobal
